
Microsoft Visual Studio Solution File, Format Version 12.00
# Visual Studio 15
VisualStudioVersion = 15.0.27004.2009
MinimumVisualStudioVersion = 10.0.40219.1
Project("{FAE04EC0-301F-11D3-BF4B-00C04F79EFBC}") = "Vidly", "Vidly\Vidly.csproj", "{70A62D01-C1B6-4E52-9488-ACED79DC402C}"
EndProject
Global
	GlobalSection(SolutionConfigurationPlatforms) = preSolution
		Debug|Any CPU = Debug|Any CPU
		Release|Any CPU = Release|Any CPU
	EndGlobalSection
	GlobalSection(ProjectConfigurationPlatforms) = postSolution
		{70A62D01-C1B6-4E52-9488-ACED79DC402C}.Debug|Any CPU.ActiveCfg = Debug|Any CPU
		{70A62D01-C1B6-4E52-9488-ACED79DC402C}.Debug|Any CPU.Build.0 = Debug|Any CPU
		{70A62D01-C1B6-4E52-9488-ACED79DC402C}.Release|Any CPU.ActiveCfg = Release|Any CPU
		{70A62D01-C1B6-4E52-9488-ACED79DC402C}.Release|Any CPU.Build.0 = Release|Any CPU
	EndGlobalSection
	GlobalSection(SolutionProperties) = preSolution
		HideSolutionNode = FALSE
	EndGlobalSection
	GlobalSection(ExtensibilityGlobals) = postSolution
		SolutionGuid = {AB852C66-2D69-4166-9B8A-B3588A1B32D2}
	EndGlobalSection
EndGlobal
